<?xml version="1.0" encoding="utf-8"?>
<Project ToolsVersion="4.0" xmlns="http://schemas.microsoft.com/developer/msbuild/2003">
  <ItemGroup>
    <Filter Include="Source Files">
      <UniqueIdentifier>{4FC737F1-C7A5-4376-A066-2A32D752A2FF}</UniqueIdentifier>
      <Extensions>cpp;c;cc;cxx;def;odl;idl;hpj;bat;asm;asmx</Extensions>
    </Filter>
    <Filter Include="Header Files">
      <UniqueIdentifier>{93995380-89BD-4b04-88EB-625FBE52EBFB}</UniqueIdentifier>
      <Extensions>h;hh;hpp;hxx;hm;inl;inc;xsd</Extensions>
    </Filter>
    <Filter Include="Resource Files">
      <UniqueIdentifier>{67DA6AB6-F800-4c08-8B7A-83BB121AAD01}</UniqueIdentifier>
      <Extensions>qrc;rc;ico;cur;bmp;dlg;rc2;rct;bin;rgs;gif;jpg;jpeg;jpe;resx;tiff;tif;png;wav;mfcribbon-ms</Extensions>
    </Filter>
    <Filter Include="Form Files">
      <UniqueIdentifier>{99349809-55BA-4b9d-BF79-8FDBB0286EB3}</UniqueIdentifier>
      <Extensions>ui</Extensions>
    </Filter>
    <Filter Include="Translation Files">
      <UniqueIdentifier>{639EADAA-A684-42e4-A9AD-28FC9BCB8F7C}</UniqueIdentifier>
      <Extensions>ts</Extensions>
    </Filter>
    <Filter Include="Header Files\UI">
      <UniqueIdentifier>{6b770a07-18c6-41a3-aa5d-69c29a40c443}</UniqueIdentifier>
    </Filter>
    <Filter Include="Header Files\DataStructures">
      <UniqueIdentifier>{71645ab4-305d-4e8c-a003-66b89421ad5f}</UniqueIdentifier>
    </Filter>
    <Filter Include="Header Files\Logic">
      <UniqueIdentifier>{60c92c51-8231-482c-8a00-4627b8c4ef8f}</UniqueIdentifier>
    </Filter>
    <Filter Include="Source Files\UI">
      <UniqueIdentifier>{ca8b6d9c-c992-438f-9992-b12ae081f222}</UniqueIdentifier>
    </Filter>
    <Filter Include="Source Files\Logic">
      <UniqueIdentifier>{46a15fa9-4988-43dd-944c-30ff68f6afc8}</UniqueIdentifier>
    </Filter>
  </ItemGroup>
  <ItemGroup>
    <QtRcc Include="QT_Semes.qrc">
      <Filter>Resource Files</Filter>
    </QtRcc>
    <QtUic Include="QT_Semes.ui">
      <Filter>Form Files</Filter>
    </QtUic>
  </ItemGroup>
  <ItemGroup>
    <ClCompile Include="main.cpp">
      <Filter>Source Files</Filter>
    </ClCompile>
    <ClCompile Include="QT_person_information.cpp">
      <Filter>Source Files\UI</Filter>
    </ClCompile>
    <ClCompile Include="QT_person_view.cpp">
      <Filter>Source Files\UI</Filter>
    </ClCompile>
    <ClCompile Include="QT_Semes.cpp">
      <Filter>Source Files\UI</Filter>
    </ClCompile>
    <ClCompile Include="QT_test_information.cpp">
      <Filter>Source Files\UI</Filter>
    </ClCompile>
    <ClCompile Include="QT_test_view.cpp">
      <Filter>Source Files\UI</Filter>
    </ClCompile>
    <ClCompile Include="CompositeKey.cpp">
      <Filter>Source Files\Logic</Filter>
    </ClCompile>
    <ClCompile Include="Controller.cpp">
      <Filter>Source Files\Logic</Filter>
    </ClCompile>
    <ClCompile Include="DataItems.cpp">
      <Filter>Source Files\Logic</Filter>
    </ClCompile>
    <ClCompile Include="DataStorage.cpp">
      <Filter>Source Files\Logic</Filter>
    </ClCompile>
    <ClCompile Include="ItemGenerator.cpp">
      <Filter>Source Files\Logic</Filter>
    </ClCompile>
    <ClCompile Include="StructureTester.cpp">
      <Filter>Source Files\Logic</Filter>
    </ClCompile>
    <ClCompile Include="QT_locations_view.cpp">
      <Filter>Source Files\UI</Filter>
    </ClCompile>
    <ClCompile Include="QT_location_information.cpp">
      <Filter>Source Files\UI</Filter>
    </ClCompile>
  </ItemGroup>
  <ItemGroup>
    <ClInclude Include="2-3Tree.h">
      <Filter>Header Files\DataStructures</Filter>
    </ClInclude>
    <ClInclude Include="Table.h">
      <Filter>Header Files\DataStructures</Filter>
    </ClInclude>
    <ClInclude Include="Iterator.h">
      <Filter>Header Files\DataStructures</Filter>
    </ClInclude>
    <ClInclude Include="BinarySearchTree.h">
      <Filter>Header Files\DataStructures</Filter>
    </ClInclude>
    <ClInclude Include="CompositeKey.h">
      <Filter>Header Files\Logic</Filter>
    </ClInclude>
    <ClInclude Include="Controller.h">
      <Filter>Header Files\Logic</Filter>
    </ClInclude>
    <ClInclude Include="DataItems.h">
      <Filter>Header Files\Logic</Filter>
    </ClInclude>
    <ClInclude Include="DataStorage.h">
      <Filter>Header Files\Logic</Filter>
    </ClInclude>
    <ClInclude Include="ItemGenerator.h">
      <Filter>Header Files\Logic</Filter>
    </ClInclude>
    <ClInclude Include="StructureTester.h">
      <Filter>Header Files\Logic</Filter>
    </ClInclude>
    <ClInclude Include="QT_location_information.h">
      <Filter>Header Files\UI</Filter>
    </ClInclude>
  </ItemGroup>
  <ItemGroup>
    <Text Include="names_m.txt">
      <Filter>Resource Files</Filter>
    </Text>
    <Text Include="surnames.txt">
      <Filter>Resource Files</Filter>
    </Text>
    <Text Include="names_f.txt">
      <Filter>Resource Files</Filter>
    </Text>
  </ItemGroup>
  <ItemGroup>
    <None Include="ClassDiagram.cd" />
  </ItemGroup>
  <ItemGroup>
    <QtUic Include="QT_test_view.ui">
      <Filter>Form Files</Filter>
    </QtUic>
    <QtUic Include="QT_test_information.ui">
      <Filter>Form Files</Filter>
    </QtUic>
    <QtUic Include="QT_person_information.ui">
      <Filter>Form Files</Filter>
    </QtUic>
    <QtUic Include="QT_person_view.ui">
      <Filter>Form Files</Filter>
    </QtUic>
    <QtUic Include="QT_locations_view.ui">
      <Filter>Form Files</Filter>
    </QtUic>
    <QtUic Include="QT_location_information.ui">
      <Filter>Form Files</Filter>
    </QtUic>
  </ItemGroup>
  <ItemGroup>
    <QtMoc Include="QT_person_information.h">
      <Filter>Header Files\UI</Filter>
    </QtMoc>
    <QtMoc Include="QT_person_view.h">
      <Filter>Header Files\UI</Filter>
    </QtMoc>
    <QtMoc Include="QT_Semes.h">
      <Filter>Header Files\UI</Filter>
    </QtMoc>
    <QtMoc Include="QT_test_information.h">
      <Filter>Header Files\UI</Filter>
    </QtMoc>
    <QtMoc Include="QT_test_view.h">
      <Filter>Header Files\UI</Filter>
    </QtMoc>
    <QtMoc Include="QT_locations_view.h">
      <Filter>Header Files\UI</Filter>
    </QtMoc>
  </ItemGroup>
</Project>